
Microsoft Visual Studio Solution File, Format Version 12.00
# Visual Studio Version 16
VisualStudioVersion = 16.0.29609.76
MinimumVisualStudioVersion = 10.0.40219.1
Project("{FAE04EC0-301F-11D3-BF4B-00C04F79EFBC}") = "DDSPatient", "DDSPatient.csproj", "{88470C7D-8C99-44EE-B66E-B79AF0283793}"
EndProject
Global
	GlobalSection(SolutionConfigurationPlatforms) = preSolution
		Debug|Any CPU = Debug|Any CPU
		Release|Any CPU = Release|Any CPU
	EndGlobalSection
	GlobalSection(ProjectConfigurationPlatforms) = postSolution
		{88470C7D-8C99-44EE-B66E-B79AF0283793}.Debug|Any CPU.ActiveCfg = Debug|Any CPU
		{88470C7D-8C99-44EE-B66E-B79AF0283793}.Debug|Any CPU.Build.0 = Debug|Any CPU
		{88470C7D-8C99-44EE-B66E-B79AF0283793}.Release|Any CPU.ActiveCfg = Release|Any CPU
		{88470C7D-8C99-44EE-B66E-B79AF0283793}.Release|Any CPU.Build.0 = Release|Any CPU
	EndGlobalSection
	GlobalSection(SolutionProperties) = preSolution
		HideSolutionNode = FALSE
	EndGlobalSection
	GlobalSection(ExtensibilityGlobals) = postSolution
		SolutionGuid = {CC7B380C-02FA-4AB1-95FD-BB6E6F7705EC}
	EndGlobalSection
EndGlobal
